github.com/coming-chat/go-aptos v0.0.0-20221013022715-39f91035c785 h1:xIOXIW3uXakffHoVqA6qkyUgYYuhJWLPohIyR1tBS38=
github.com/coming-chat/go-aptos v0.0.0-20221013022715-39f91035c785/go.mod h1:HaGBPmQOlKzxkbGancRSX8wcwDxvj9Zs173CSla43vE=
github.com/coming-chat/go-sui v0.0.0-20230109090012-465fe388d837 h1:6C27rdxa/BGyccjSI5Jq/dn2PiwqsKCXVfVvIauJ9d8=
github.com/coming-chat/go-sui v0.0.0-20230109090012-465fe388d837/go.mod h1:IT0m3ZSiKSXgitJT6rMuMAlfNal4ounjryXWqoNgrd8=
github.com/coming-chat/go-sui v0.0.0-20230113032427-957159fd53c7 h1:3wK0xqAl4J3fE64z0MHqy4iS9GmURRpg25kdHwmnNmc=
github.com/coming-chat/go-sui v0.0.0-20230113032427-957159fd53c7/go.mod h1:IT0m3ZSiKSXgitJT6rMuMAlfNal4ounjryXWqoNgrd8=
github.com/coming-chat/go-sui v0.0.0-20230116085852-f37dad53e41f h1:XoQ5jqzYOhSJR6k+FL1KaJd97rUJR2khzAja0fhwlLQ=
github.com/coming-chat/go-sui v0.0.0-20230116085852-f37dad53e41f/go.mod h1:IT0m3ZSiKSXgitJT6rMuMAlfNal4ounjryXWqoNgrd8=
github.com/coming-chat/go-sui v0.0.0-20230131031554-d3d99c6b4ae6 h1:g7dZCKnXAlUgbXSdy6mgwPt8hJGhTOEx8X1V/QL5ZQg=
github.com/coming-chat/go-sui v0.0.0-20230131031554-d3d99c6b4ae6/go.mod h1:D3s+A1WjI5fg/htr/F1OR72+MGEFFtMoheufXfMDDPA=
github.com/coming-chat/go-sui v0.0.0-20230131035949-f70b7195af2b h1:n+nC1sZLBGZ4GLJU6bEoD4ovyEpwGkuIAxDoH9NMwZA=
github.com/coming-chat/go-sui v0.0.0-20230131035949-f70b7195af2b/go.mod h1:D3s+A1WjI5fg/htr/F1OR72+MGEFFtMoheufXfMDDPA=
github.com/davecgh/go-spew v1.1.1 h1:vj9j/u1bqnvCEfJOwUhtlOARqs3+rkHYY13jYWTU97c=
github.com/omnibtc/go-sui-lending v0.0.0-20230111031456-0a2f6356c437 h1:RF3fA1sm/ECadVZrwHXqgqdxUs2Nl0eCseO2eOrMrjo=
github.com/omnibtc/go-sui-lending v0.0.0-20230111031456-0a2f6356c437/go.mod h1:ok4a+4E3coH2gBApEW3tlyIewFIPAKHzizQYzL4+b0w=
github.com/omnibtc/go-sui-lending v0.0.0-20230111062113-ed1d03d0d42c h1:A1z4LyitmWpkO38CXSedXg0wPTRzYthgoR/4P/1pflc=
github.com/omnibtc/go-sui-lending v0.0.0-20230111062113-ed1d03d0d42c/go.mod h1:ok4a+4E3coH2gBApEW3tlyIewFIPAKHzizQYzL4+b0w=
github.com/omnibtc/go-sui-lending v0.0.0-20230111070138-1632dda69806 h1:sxaOpy6FuQ4mVyVgtHzBVff044w7FIB0OMm6Cb51GTI=
github.com/omnibtc/go-sui-lending v0.0.0-20230111070138-1632dda69806/go.mod h1:ok4a+4E3coH2gBApEW3tlyIewFIPAKHzizQYzL4+b0w=
github.com/omnibtc/go-sui-lending v0.0.0-20230111084139-7d1aaf7509d2 h1:Ydy+B5LsBcqnSZIAoeQOjowZqZNj6Ino5tUVsUptIcA=
github.com/omnibtc/go-sui-lending v0.0.0-20230111084139-7d1aaf7509d2/go.mod h1:ok4a+4E3coH2gBApEW3tlyIewFIPAKHzizQYzL4+b0w=
github.com/omnibtc/go-sui-lending v0.0.0-20230111093058-32c90648a62c h1:IGZdUe+TirLeXXbQSW4Y9Ctl6U8fWScaseGzdcY/x0Y=
github.com/omnibtc/go-sui-lending v0.0.0-20230111093058-32c90648a62c/go.mod h1:ok4a+4E3coH2gBApEW3tlyIewFIPAKHzizQYzL4+b0w=
github.com/omnibtc/go-sui-lending v0.0.0-20230111094108-c525772e56be h1:Td/J0I7zJqaGV/ecgfP7iBSeQiO/M9fWad+2bYZkj0s=
github.com/omnibtc/go-sui-lending v0.0.0-20230111094108-c525772e56be/go.mod h1:ok4a+4E3coH2gBApEW3tlyIewFIPAKHzizQYzL4+b0w=
github.com/omnibtc/go-sui-lending v0.0.0-20230111094740-7735c26bda1c h1:dJQ9P3kizsr1BSRgcdTD3u+l+jxEkuQkiTSAdcBHjWU=
github.com/omnibtc/go-sui-lending v0.0.0-20230111094740-7735c26bda1c/go.mod h1:ok4a+4E3coH2gBApEW3tlyIewFIPAKHzizQYzL4+b0w=
github.com/omnibtc/go-sui-lending v0.0.0-20230114085359-2b6cfb083759 h1:u5rmUA9shJ+CiMleSy98GFRuER8FbiY9iTdH9ZM1Hgc=
github.com/omnibtc/go-sui-lending v0.0.0-20230114085359-2b6cfb083759/go.mod h1:YC3J87rThC+pz1pU8pZ8YhUm3i2pMs+myx6mSXXXxjU=
github.com/omnibtc/go-sui-lending v0.0.0-20230117024232-809b9ff365d8 h1:ax2TgNpyRpn5sYRVK3UTD344pYG3SleYUvl8UBsL4mg=
github.com/omnibtc/go-sui-lending v0.0.0-20230117024232-809b9ff365d8/go.mod h1:YC3J87rThC+pz1pU8pZ8YhUm3i2pMs+myx6mSXXXxjU=
github.com/omnibtc/go-sui-lending v0.0.0-20230131035446-83932f6a9276 h1:G0V7nIfjNPYa+vSLJw3fMPFujkTduZxgsISc7hzu9bo=
github.com/omnibtc/go-sui-lending v0.0.0-20230131035446-83932f6a9276/go.mod h1:RlYqj5WEizmRM5VQloahhN08M7hSWzA14TlQMQ/eyB4=
github.com/omnibtc/go-sui-lending v0.0.0-20230131063408-5d5d5ebbeaea h1:BKx1a0hXVpGJPxOKo8ti2o8h2Y9LDeEihTxW9CTXzY8=
github.com/omnibtc/go-sui-lending v0.0.0-20230131063408-5d5d5ebbeaea/go.mod h1:tgCg5cXg5jlmeOa5Q6/yH6XvAdxfArEuSp/q/CpuQC0=
github.com/pmezard/go-difflib v1.0.0 h1:4DBwDE0NGyQoBHbLQYPwSUPoCMWR5BEzIk/f1lZbAQM=
github.com/stretchr/testify v1.8.0 h1:pSgiaMZlXftHpm5L7V1+rVB+AZJydKsMxsQBIJw4PKk=
github.com/tyler-smith/go-bip39 v1.1.0 h1:5eUemwrMargf3BSLRRCalXT93Ns6pQJIjYQN2nyfOP8=
github.com/tyler-smith/go-bip39 v1.1.0/go.mod h1:gUYDtqQw1JS3ZJ8UWVcGTGqqr6YIN3CWg+kkNaLt55U=
golang.org/x/crypto v0.0.0-20190308221718-c2843e01d9a2/go.mod h1:djNgcEr1/C05ACkg1iLfiJU5Ep61QUkGW8qpdssI0+w=
golang.org/x/crypto v0.0.0-20200622213623-75b288015ac9 h1:psW17arqaxU48Z5kZ0CQnkZWQJsqcURM6tKiBApRjXI=
golang.org/x/crypto v0.0.0-20200622213623-75b288015ac9/go.mod h1:LzIPMQfyMNhhGPhUkYOs5KpL4U8rLKemX1yGLhDgUto=
golang.org/x/net v0.0.0-20190404232315-eb5bcb51f2a3/go.mod h1:t9HGtf8HONx5eT2rtn7q6eTqICYqUVnKs3thJo3Qplg=
golang.org/x/sys v0.0.0-20190215142949-d0b11bdaac8a/go.mod h1:STP8DvDyc/dI5b8T5hshtkjS+E42TnysNCUPdjciGhY=
golang.org/x/sys v0.0.0-20190412213103-97732733099d h1:+R4KGOnez64A81RvjARKc4UT5/tI9ujCIVX+P5KiHuI=
golang.org/x/sys v0.0.0-20190412213103-97732733099d/go.mod h1:h1NjWce9XRLGQEsW7wpKNCjG9DtNlClVuFLEZdDNbEs=
golang.org/x/text v0.3.0/go.mod h1:NqM8EUOU14njkJ3fqMW+pc6Ldnwhi/IjpwHt7yyuwOQ=
gopkg.in/yaml.v3 v3.0.1 h1:fxVm/GzAzEWqLHuvctI91KS9hhNmmWOoWu0XTYJS7CA=
