github.com/coming-chat/go-aptos v0.0.0-20221013022715-39f91035c785 h1:xIOXIW3uXakffHoVqA6qkyUgYYuhJWLPohIyR1tBS38=
github.com/coming-chat/go-aptos v0.0.0-20221013022715-39f91035c785/go.mod h1:HaGBPmQOlKzxkbGancRSX8wcwDxvj9Zs173CSla43vE=
github.com/coming-chat/go-sui v0.0.0-20230403083525-c4925e2e8240 h1:5jcvTi0aQ9TqrGGdhvqE+IiB778GMiEFLG6GFocePy0=
github.com/coming-chat/go-sui v0.0.0-20230403083525-c4925e2e8240/go.mod h1:s5DRgrUeaPfWULPP3+OcUaBdRIVkq7W1PrQKNr7D5ag=
github.com/davecgh/go-spew v1.1.1 h1:vj9j/u1bqnvCEfJOwUhtlOARqs3+rkHYY13jYWTU97c=
github.com/fardream/go-bcs v0.2.1 h1:ffW/0Jr0b2WXLNPF8AX6wWI9ETVE4+aXkv2aIXVViwE=
github.com/fardream/go-bcs v0.2.1/go.mod h1:UsoxhIoe2GsVexX0s5NDLIChxeb/JUbjw7IWzzgF3Xk=
github.com/omnibtc/go-sui-lending v0.0.2-0.20230403092946-9b86c61dc486 h1:8Cc2EaJ2zrHzTeeBDVWJkgaPsmPCK85TrU0VknrYsgY=
github.com/omnibtc/go-sui-lending v0.0.2-0.20230403092946-9b86c61dc486/go.mod h1:63uPHhmnqeRVrQQINvsrwxreh+BhOVdKVWDSZoUtBDo=
github.com/omnibtc/go-sui-lending v0.0.2-0.20230403100553-b0666cbd334d h1:tR/KSeN+pqe6G5dA7cyz0sEiq35tROUAPfKlR1Xb9ic=
github.com/omnibtc/go-sui-lending v0.0.2-0.20230403100553-b0666cbd334d/go.mod h1:63uPHhmnqeRVrQQINvsrwxreh+BhOVdKVWDSZoUtBDo=
github.com/omnibtc/go-sui-lending v0.0.2-0.20230403101426-b94baac34a84 h1:NNWvydhtfFzN5SFvLpheNY610dQ+W+n+xAYq5+XlZsM=
github.com/omnibtc/go-sui-lending v0.0.2-0.20230403101426-b94baac34a84/go.mod h1:63uPHhmnqeRVrQQINvsrwxreh+BhOVdKVWDSZoUtBDo=
github.com/omnibtc/go-sui-lending v0.0.2-0.20230403104028-a267db956e84 h1:rP7Qqzaf0NyrMnROChvZocwdIDT2GmcWDTQw26eMOlE=
github.com/omnibtc/go-sui-lending v0.0.2-0.20230403104028-a267db956e84/go.mod h1:63uPHhmnqeRVrQQINvsrwxreh+BhOVdKVWDSZoUtBDo=
github.com/omnibtc/go-sui-lending v0.0.2-0.20230403104554-01beb195735b h1:TndwDB/w4mTeDwIfY2kJazLJA8xvj5Z+b2RpojEy8xw=
github.com/omnibtc/go-sui-lending v0.0.2-0.20230403104554-01beb195735b/go.mod h1:63uPHhmnqeRVrQQINvsrwxreh+BhOVdKVWDSZoUtBDo=
github.com/pmezard/go-difflib v1.0.0 h1:4DBwDE0NGyQoBHbLQYPwSUPoCMWR5BEzIk/f1lZbAQM=
github.com/shopspring/decimal v1.3.1 h1:2Usl1nmF/WZucqkFZhnfFYxxxu8LG21F6nPQBE5gKV8=
github.com/shopspring/decimal v1.3.1/go.mod h1:DKyhrW/HYNuLGql+MJL6WCR6knT2jwCFRcu2hWCYk4o=
github.com/stretchr/testify v1.8.0 h1:pSgiaMZlXftHpm5L7V1+rVB+AZJydKsMxsQBIJw4PKk=
github.com/tyler-smith/go-bip39 v1.1.0 h1:5eUemwrMargf3BSLRRCalXT93Ns6pQJIjYQN2nyfOP8=
github.com/tyler-smith/go-bip39 v1.1.0/go.mod h1:gUYDtqQw1JS3ZJ8UWVcGTGqqr6YIN3CWg+kkNaLt55U=
golang.org/x/crypto v0.0.0-20190308221718-c2843e01d9a2/go.mod h1:djNgcEr1/C05ACkg1iLfiJU5Ep61QUkGW8qpdssI0+w=
golang.org/x/crypto v0.0.0-20200622213623-75b288015ac9 h1:psW17arqaxU48Z5kZ0CQnkZWQJsqcURM6tKiBApRjXI=
golang.org/x/crypto v0.0.0-20200622213623-75b288015ac9/go.mod h1:LzIPMQfyMNhhGPhUkYOs5KpL4U8rLKemX1yGLhDgUto=
golang.org/x/net v0.0.0-20190404232315-eb5bcb51f2a3/go.mod h1:t9HGtf8HONx5eT2rtn7q6eTqICYqUVnKs3thJo3Qplg=
golang.org/x/sys v0.0.0-20190215142949-d0b11bdaac8a/go.mod h1:STP8DvDyc/dI5b8T5hshtkjS+E42TnysNCUPdjciGhY=
golang.org/x/sys v0.0.0-20190412213103-97732733099d h1:+R4KGOnez64A81RvjARKc4UT5/tI9ujCIVX+P5KiHuI=
golang.org/x/sys v0.0.0-20190412213103-97732733099d/go.mod h1:h1NjWce9XRLGQEsW7wpKNCjG9DtNlClVuFLEZdDNbEs=
golang.org/x/text v0.3.0/go.mod h1:NqM8EUOU14njkJ3fqMW+pc6Ldnwhi/IjpwHt7yyuwOQ=
gopkg.in/yaml.v3 v3.0.1 h1:fxVm/GzAzEWqLHuvctI91KS9hhNmmWOoWu0XTYJS7CA=
